<Solution>
  <Folder Name="/Элементы решения/">
    <File Path="docker-compose.yml" />
    <File Path="Dockerfile.txt" />
  </Folder>
  <Project Path="src/EchoNET.API/EchoNET.API.csproj" />
  <Project Path="src/EchoNET.Application/EchoNET.Application.csproj" />
  <Project Path="src/EchoNET.Domain/EchoNET.Domain.csproj" />
  <Project Path="src/EchoNET.Infrastructure/EchoNET.Infrastructure.csproj" />
</Solution>
